
Microsoft Visual Studio Solution File, Format Version 12.00
# Visual Studio 14
VisualStudioVersion = 14.0.24720.0
MinimumVisualStudioVersion = 10.0.40219.1
Project("{FAE04EC0-301F-11D3-BF4B-00C04F79EFBC}") = "Votr", "Votr\Votr.csproj", "{E75E27B8-385D-4666-9FC3-D4950D952AA0}"
EndProject
Project("{FAE04EC0-301F-11D3-BF4B-00C04F79EFBC}") = "Votr.Tests", "Votr.Tests\Votr.Tests.csproj", "{127FBD8F-5F6D-4F22-90AB-4762B6D761B4}"
EndProject
Global
	GlobalSection(SolutionConfigurationPlatforms) = preSolution
		Debug|Any CPU = Debug|Any CPU
		Release|Any CPU = Release|Any CPU
	EndGlobalSection
	GlobalSection(ProjectConfigurationPlatforms) = postSolution
		{E75E27B8-385D-4666-9FC3-D4950D952AA0}.Debug|Any CPU.ActiveCfg = Debug|Any CPU
		{E75E27B8-385D-4666-9FC3-D4950D952AA0}.Debug|Any CPU.Build.0 = Debug|Any CPU
		{E75E27B8-385D-4666-9FC3-D4950D952AA0}.Release|Any CPU.ActiveCfg = Release|Any CPU
		{E75E27B8-385D-4666-9FC3-D4950D952AA0}.Release|Any CPU.Build.0 = Release|Any CPU
		{127FBD8F-5F6D-4F22-90AB-4762B6D761B4}.Debug|Any CPU.ActiveCfg = Debug|Any CPU
		{127FBD8F-5F6D-4F22-90AB-4762B6D761B4}.Debug|Any CPU.Build.0 = Debug|Any CPU
		{127FBD8F-5F6D-4F22-90AB-4762B6D761B4}.Release|Any CPU.ActiveCfg = Release|Any CPU
		{127FBD8F-5F6D-4F22-90AB-4762B6D761B4}.Release|Any CPU.Build.0 = Release|Any CPU
	EndGlobalSection
	GlobalSection(SolutionProperties) = preSolution
		HideSolutionNode = FALSE
	EndGlobalSection
EndGlobal
